
Microsoft Visual Studio Solution File, Format Version 12.00
# Visual Studio Version 17
VisualStudioVersion = 17.14.36429.23 d17.14
MinimumVisualStudioVersion = 10.0.40219.1
Project("{8BC9CEB8-8B4A-11D0-8D11-00A0C91BC942}") = "Lab4", "Lab4.vcxproj", "{227CA245-105B-4C76-892D-D760825C4B9D}"
EndProject
Global
	GlobalSection(SolutionConfigurationPlatforms) = preSolution
		Debug|x64 = Debug|x64
		Debug|x86 = Debug|x86
		Release|x64 = Release|x64
		Release|x86 = Release|x86
	EndGlobalSection
	GlobalSection(ProjectConfigurationPlatforms) = postSolution
		{227CA245-105B-4C76-892D-D760825C4B9D}.Debug|x64.ActiveCfg = Debug|x64
		{227CA245-105B-4C76-892D-D760825C4B9D}.Debug|x64.Build.0 = Debug|x64
		{227CA245-105B-4C76-892D-D760825C4B9D}.Debug|x86.ActiveCfg = Debug|Win32
		{227CA245-105B-4C76-892D-D760825C4B9D}.Debug|x86.Build.0 = Debug|Win32
		{227CA245-105B-4C76-892D-D760825C4B9D}.Release|x64.ActiveCfg = Release|x64
		{227CA245-105B-4C76-892D-D760825C4B9D}.Release|x64.Build.0 = Release|x64
		{227CA245-105B-4C76-892D-D760825C4B9D}.Release|x86.ActiveCfg = Release|Win32
		{227CA245-105B-4C76-892D-D760825C4B9D}.Release|x86.Build.0 = Release|Win32
	EndGlobalSection
	GlobalSection(SolutionProperties) = preSolution
		HideSolutionNode = FALSE
	EndGlobalSection
	GlobalSection(ExtensibilityGlobals) = postSolution
		SolutionGuid = {0B6A46C6-CAF4-421C-A5DE-79350FD959E2}
	EndGlobalSection
EndGlobal
